
Microsoft Visual Studio Solution File, Format Version 15.00
# Visual Studio 15
Project("{FAE04EC0-301F-11D3-BF4B-00C04F79EFBC}") = "ReportSync.Api", "ReportSync.Api.csproj", "{7F4BFB1F-72CE-433A-8EB2-9585F9DDBB48}"
EndProject
Global
	GlobalSection(SolutionConfigurationPlatforms) = preSolution
		Debug|Any CPU = Debug|Any CPU
		Release|Any CPU = Release|Any CPU
	EndGlobalSection
	GlobalSection(ProjectConfigurationPlatforms) = postSolution
		{7F4BFB1F-72CE-433A-8EB2-9585F9DDBB48}.Debug|Any CPU.ActiveCfg = Debug|Any CPU
		{7F4BFB1F-72CE-433A-8EB2-9585F9DDBB48}.Debug|Any CPU.Build.0 = Debug|Any CPU
		{7F4BFB1F-72CE-433A-8EB2-9585F9DDBB48}.Release|Any CPU.ActiveCfg = Release|Any CPU
		{7F4BFB1F-72CE-433A-8EB2-9585F9DDBB48}.Release|Any CPU.Build.0 = Release|Any CPU
	EndGlobalSection
EndGlobal
